// !$*UTF8*$!
{
	archiveVersion = 1;
	classes = {
	};
	objectVersion = 48;
	objects = {

/* Begin PBXBuildFile section */
		EE1BAEC81F3229FB00964159 /* AppDelegate.swift in Sources */ = {isa = PBXBuildFile; fileRef = EE1BAEC71F3229FB00964159 /* AppDelegate.swift */; };
		EE1BAECA1F3229FB00964159 /* CategoriesVC.swift in Sources */ = {isa = PBXBuildFile; fileRef = EE1BAEC91F3229FB00964159 /* CategoriesVC.swift */; };
		EE1BAECD1F3229FB00964159 /* Main.storyboard in Resources */ = {isa = PBXBuildFile; fileRef = EE1BAECB1F3229FB00964159 /* Main.storyboard */; };
		EE1BAECF1F3229FB00964159 /* Assets.xcassets in Resources */ = {isa = PBXBuildFile; fileRef = EE1BAECE1F3229FB00964159 /* Assets.xcassets */; };
		EE1BAED21F3229FB00964159 /* LaunchScreen.storyboard in Resources */ = {isa = PBXBuildFile; fileRef = EE1BAED01F3229FB00964159 /* LaunchScreen.storyboard */; };
		EE1BAEDD1F328CB100964159 /* CategoryCell.swift in Sources */ = {isa = PBXBuildFile; fileRef = EE1BAEDC1F328CB100964159 /* CategoryCell.swift */; };
		EE1BAEDF1F328EC600964159 /* Category.swift in Sources */ = {isa = PBXBuildFile; fileRef = EE1BAEDE1F328EC600964159 /* Category.swift */; };
		EE1BAEE21F32904000964159 /* DataService.swift in Sources */ = {isa = PBXBuildFile; fileRef = EE1BAEE11F32904000964159 /* DataService.swift */; };
		EEC6E98B1F32C2BD00A5EC30 /* ProductCell.swift in Sources */ = {isa = PBXBuildFile; fileRef = EEC6E98A1F32C2BD00A5EC30 /* ProductCell.swift */; };
		EEC6E98D1F32C64700A5EC30 /* Product.swift in Sources */ = {isa = PBXBuildFile; fileRef = EEC6E98C1F32C64700A5EC30 /* Product.swift */; };
/* End PBXBuildFile section */

/* Begin PBXFileReference section */
		EE1BAEC41F3229FB00964159 /* CoderSwag.app */ = {isa = PBXFileReference; explicitFileType = wrapper.application; includeInIndex = 0; path = CoderSwag.app; sourceTree = BUILT_PRODUCTS_DIR; };
		EE1BAEC71F3229FB00964159 /* AppDelegate.swift */ = {isa = PBXFileReference; lastKnownFileType = sourcecode.swift; path = AppDelegate.swift; sourceTree = "<group>"; };
		EE1BAEC91F3229FB00964159 /* CategoriesVC.swift */ = {isa = PBXFileReference; lastKnownFileType = sourcecode.swift; path = CategoriesVC.swift; sourceTree = "<group>"; };
		EE1BAECC1F3229FB00964159 /* Base */ = {isa = PBXFileReference; lastKnownFileType = file.storyboard; name = Base; path = Base.lproj/Main.storyboard; sourceTree = "<group>"; };
		EE1BAECE1F3229FB00964159 /* Assets.xcassets */ = {isa = PBXFileReference; lastKnownFileType = folder.assetcatalog; path = Assets.xcassets; sourceTree = "<group>"; };
		EE1BAED11F3229FB00964159 /* Base */ = {isa = PBXFileReference; lastKnownFileType = file.storyboard; name = Base; path = Base.lproj/LaunchScreen.storyboard; sourceTree = "<group>"; };
		EE1BAED31F3229FB00964159 /* Info.plist */ = {isa = PBXFileReference; lastKnownFileType = text.plist.xml; path = Info.plist; sourceTree = "<group>"; };
		EE1BAEDC1F328CB100964159 /* CategoryCell.swift */ = {isa = PBXFileReference; lastKnownFileType = sourcecode.swift; path = CategoryCell.swift; sourceTree = "<group>"; };
		EE1BAEDE1F328EC600964159 /* Category.swift */ = {isa = PBXFileReference; lastKnownFileType = sourcecode.swift; path = Category.swift; sourceTree = "<group>"; };
		EE1BAEE11F32904000964159 /* DataService.swift */ = {isa = PBXFileReference; lastKnownFileType = sourcecode.swift; path = DataService.swift; sourceTree = "<group>"; };
		EEC6E98A1F32C2BD00A5EC30 /* ProductCell.swift */ = {isa = PBXFileReference; lastKnownFileType = sourcecode.swift; path = ProductCell.swift; sourceTree = "<group>"; };
		EEC6E98C1F32C64700A5EC30 /* Product.swift */ = {isa = PBXFileReference; lastKnownFileType = sourcecode.swift; path = Product.swift; sourceTree = "<group>"; };
/* End PBXFileReference section */

/* Begin PBXFrameworksBuildPhase section */
		EE1BAEC11F3229FB00964159 /* Frameworks */ = {
			isa = PBXFrameworksBuildPhase;
			buildActionMask = 2147483647;
			files = (
			);
			runOnlyForDeploymentPostprocessing = 0;
		};
/* End PBXFrameworksBuildPhase section */

/* Begin PBXGroup section */
		EE1BAEBB1F3229FB00964159 = {
			isa = PBXGroup;
			children = (
				EE1BAEC61F3229FB00964159 /* CoderSwag */,
				EE1BAEC51F3229FB00964159 /* Products */,
			);
			sourceTree = "<group>";
		};
		EE1BAEC51F3229FB00964159 /* Products */ = {
			isa = PBXGroup;
			children = (
				EE1BAEC41F3229FB00964159 /* CoderSwag.app */,
			);
			name = Products;
			sourceTree = "<group>";
		};
		EE1BAEC61F3229FB00964159 /* CoderSwag */ = {
			isa = PBXGroup;
			children = (
				EE1BAEE01F32903400964159 /* Services */,
				EE1BAEDB1F3286EB00964159 /* Model */,
				EE1BAEDA1F3286E400964159 /* View */,
				EE1BAED91F3286DB00964159 /* Controller */,
				EE1BAEC71F3229FB00964159 /* AppDelegate.swift */,
				EE1BAECB1F3229FB00964159 /* Main.storyboard */,
				EE1BAECE1F3229FB00964159 /* Assets.xcassets */,
				EE1BAED01F3229FB00964159 /* LaunchScreen.storyboard */,
				EE1BAED31F3229FB00964159 /* Info.plist */,
			);
			path = CoderSwag;
			sourceTree = "<group>";
		};
		EE1BAED91F3286DB00964159 /* Controller */ = {
			isa = PBXGroup;
			children = (
				EE1BAEC91F3229FB00964159 /* CategoriesVC.swift */,
			);
			path = Controller;
			sourceTree = "<group>";
		};
		EE1BAEDA1F3286E400964159 /* View */ = {
			isa = PBXGroup;
			children = (
				EE1BAEDC1F328CB100964159 /* CategoryCell.swift */,
				EEC6E98A1F32C2BD00A5EC30 /* ProductCell.swift */,
			);
			path = View;
			sourceTree = "<group>";
		};
		EE1BAEDB1F3286EB00964159 /* Model */ = {
			isa = PBXGroup;
			children = (
				EE1BAEDE1F328EC600964159 /* Category.swift */,
				EEC6E98C1F32C64700A5EC30 /* Product.swift */,
			);
			path = Model;
			sourceTree = "<group>";
		};
		EE1BAEE01F32903400964159 /* Services */ = {
			isa = PBXGroup;
			children = (
				EE1BAEE11F32904000964159 /* DataService.swift */,
			);
			path = Services;
			sourceTree = "<group>";
		};
/* End PBXGroup section */

/* Begin PBXNativeTarget section */
		EE1BAEC31F3229FB00964159 /* CoderSwag */ = {
			isa = PBXNativeTarget;
			buildConfigurationList = EE1BAED61F3229FB00964159 /* Build configuration list for PBXNativeTarget "CoderSwag" */;
			buildPhases = (
				EE1BAEC01F3229FB00964159 /* Sources */,
				EE1BAEC11F3229FB00964159 /* Frameworks */,
				EE1BAEC21F3229FB00964159 /* Resources */,
			);
			buildRules = (
			);
			dependencies = (
			);
			name = CoderSwag;
			productName = CoderSwag;
			productReference = EE1BAEC41F3229FB00964159 /* CoderSwag.app */;
			productType = "com.apple.product-type.application";
		};
/* End PBXNativeTarget section */

/* Begin PBXProject section */
		EE1BAEBC1F3229FB00964159 /* Project object */ = {
			isa = PBXProject;
			attributes = {
				LastSwiftUpdateCheck = 0900;
				LastUpgradeCheck = 0900;
				ORGANIZATIONNAME = "Matthew Tripodi";
				TargetAttributes = {
					EE1BAEC31F3229FB00964159 = {
						CreatedOnToolsVersion = 9.0;
					};
				};
			};
			buildConfigurationList = EE1BAEBF1F3229FB00964159 /* Build configuration list for PBXProject "CoderSwag" */;
			compatibilityVersion = "Xcode 8.0";
			developmentRegion = en;
			hasScannedForEncodings = 0;
			knownRegions = (
				en,
				Base,
			);
			mainGroup = EE1BAEBB1F3229FB00964159;
			productRefGroup = EE1BAEC51F3229FB00964159 /* Products */;
			projectDirPath = "";
			projectRoot = "";
			targets = (
				EE1BAEC31F3229FB00964159 /* CoderSwag */,
			);
		};
/* End PBXProject section */

/* Begin PBXResourcesBuildPhase section */
		EE1BAEC21F3229FB00964159 /* Resources */ = {
			isa = PBXResourcesBuildPhase;
			buildActionMask = 2147483647;
			files = (
				EE1BAED21F3229FB00964159 /* LaunchScreen.storyboard in Resources */,
				EE1BAECF1F3229FB00964159 /* Assets.xcassets in Resources */,
				EE1BAECD1F3229FB00964159 /* Main.storyboard in Resources */,
			);
			runOnlyForDeploymentPostprocessing = 0;
		};
/* End PBXResourcesBuildPhase section */

/* Begin PBXSourcesBuildPhase section */
		EE1BAEC01F3229FB00964159 /* Sources */ = {
			isa = PBXSourcesBuildPhase;
			buildActionMask = 2147483647;
			files = (
				EE1BAECA1F3229FB00964159 /* CategoriesVC.swift in Sources */,
				EE1BAEC81F3229FB00964159 /* AppDelegate.swift in Sources */,
				EE1BAEDD1F328CB100964159 /* CategoryCell.swift in Sources */,
				EEC6E98B1F32C2BD00A5EC30 /* ProductCell.swift in Sources */,
				EE1BAEDF1F328EC600964159 /* Category.swift in Sources */,
				EE1BAEE21F32904000964159 /* DataService.swift in Sources */,
				EEC6E98D1F32C64700A5EC30 /* Product.swift in Sources */,
			);
			runOnlyForDeploymentPostprocessing = 0;
		};
/* End PBXSourcesBuildPhase section */

/* Begin PBXVariantGroup section */
		EE1BAECB1F3229FB00964159 /* Main.storyboard */ = {
			isa = PBXVariantGroup;
			children = (
				EE1BAECC1F3229FB00964159 /* Base */,
			);
			name = Main.storyboard;
			sourceTree = "<group>";
		};
		EE1BAED01F3229FB00964159 /* LaunchScreen.storyboard */ = {
			isa = PBXVariantGroup;
			children = (
				EE1BAED11F3229FB00964159 /* Base */,
			);
			name = LaunchScreen.storyboard;
			sourceTree = "<group>";
		};
/* End PBXVariantGroup section */

/* Begin XCBuildConfiguration section */
		EE1BAED41F3229FB00964159 /* Debug */ = {
			isa = XCBuildConfiguration;
			buildSettings = {
				ALWAYS_SEARCH_USER_PATHS = NO;
				CLANG_ANALYZER_NONNULL = YES;
				CLANG_ANALYZER_NUMBER_OBJECT_CONVERSION = YES_AGGRESSIVE;
				CLANG_CXX_LANGUAGE_STANDARD = "gnu++14";
				CLANG_CXX_LIBRARY = "libc++";
				CLANG_ENABLE_MODULES = YES;
				CLANG_ENABLE_OBJC_ARC = YES;
				CLANG_WARN_BLOCK_CAPTURE_AUTORELEASING = YES;
				CLANG_WARN_BOOL_CONVERSION = YES;
				CLANG_WARN_COMMA = YES;
				CLANG_WARN_CONSTANT_CONVERSION = YES;
				CLANG_WARN_DIRECT_OBJC_ISA_USAGE = YES_ERROR;
				CLANG_WARN_DOCUMENTATION_COMMENTS = YES;
				CLANG_WARN_EMPTY_BODY = YES;
				CLANG_WARN_ENUM_CONVERSION = YES;
				CLANG_WARN_INFINITE_RECURSION = YES;
				CLANG_WARN_INT_CONVERSION = YES;
				CLANG_WARN_NON_LITERAL_NULL_CONVERSION = YES;
				CLANG_WARN_OBJC_LITERAL_CONVERSION = YES;
				CLANG_WARN_OBJC_ROOT_CLASS = YES_ERROR;
				CLANG_WARN_RANGE_LOOP_ANALYSIS = YES;
				CLANG_WARN_STRICT_PROTOTYPES = YES;
				CLANG_WARN_SUSPICIOUS_MOVE = YES;
				CLANG_WARN_UNGUARDED_AVAILABILITY = YES_AGGRESSIVE;
				CLANG_WARN_UNREACHABLE_CODE = YES;
				CLANG_WARN__DUPLICATE_METHOD_MATCH = YES;
				CODE_SIGN_IDENTITY = "iPhone Developer";
				COPY_PHASE_STRIP = NO;
				DEBUG_INFORMATION_FORMAT = dwarf;
				ENABLE_STRICT_OBJC_MSGSEND = YES;
				ENABLE_TESTABILITY = YES;
				GCC_C_LANGUAGE_STANDARD = gnu11;
				GCC_DYNAMIC_NO_PIC = NO;
				GCC_NO_COMMON_BLOCKS = YES;
				GCC_OPTIMIZATION_LEVEL = 0;
				GCC_PREPROCESSOR_DEFINITIONS = (
					"DEBUG=1",
					"$(inherited)",
				);
				GCC_WARN_64_TO_32_BIT_CONVERSION = YES;
				GCC_WARN_ABOUT_RETURN_TYPE = YES_ERROR;
				GCC_WARN_UNDECLARED_SELECTOR = YES;
				GCC_WARN_UNINITIALIZED_AUTOS = YES_AGGRESSIVE;
				GCC_WARN_UNUSED_FUNCTION = YES;
				GCC_WARN_UNUSED_VARIABLE = YES;
				IPHONEOS_DEPLOYMENT_TARGET = 11.0;
				MTL_ENABLE_DEBUG_INFO = YES;
				ONLY_ACTIVE_ARCH = YES;
				SDKROOT = iphoneos;
				SWIFT_ACTIVE_COMPILATION_CONDITIONS = DEBUG;
				SWIFT_OPTIMIZATION_LEVEL = "-Onone";
			};
			name = Debug;
		};
		EE1BAED51F3229FB00964159 /* Release */ = {
			isa = XCBuildConfiguration;
			buildSettings = {
				ALWAYS_SEARCH_USER_PATHS = NO;
				CLANG_ANALYZER_NONNULL = YES;
				CLANG_ANALYZER_NUMBER_OBJECT_CONVERSION = YES_AGGRESSIVE;
				CLANG_CXX_LANGUAGE_STANDARD = "gnu++14";
				CLANG_CXX_LIBRARY = "libc++";
				CLANG_ENABLE_MODULES = YES;
				CLANG_ENABLE_OBJC_ARC = YES;
				CLANG_WARN_BLOCK_CAPTURE_AUTORELEASING = YES;
				CLANG_WARN_BOOL_CONVERSION = YES;
				CLANG_WARN_COMMA = YES;
				CLANG_WARN_CONSTANT_CONVERSION = YES;
				CLANG_WARN_DIRECT_OBJC_ISA_USAGE = YES_ERROR;
				CLANG_WARN_DOCUMENTATION_COMMENTS = YES;
				CLANG_WARN_EMPTY_BODY = YES;
				CLANG_WARN_ENUM_CONVERSION = YES;
				CLANG_WARN_INFINITE_RECURSION = YES;
				CLANG_WARN_INT_CONVERSION = YES;
				CLANG_WARN_NON_LITERAL_NULL_CONVERSION = YES;
				CLANG_WARN_OBJC_LITERAL_CONVERSION = YES;
				CLANG_WARN_OBJC_ROOT_CLASS = YES_ERROR;
				CLANG_WARN_RANGE_LOOP_ANALYSIS = YES;
				CLANG_WARN_STRICT_PROTOTYPES = YES;
				CLANG_WARN_SUSPICIOUS_MOVE = YES;
				CLANG_WARN_UNGUARDED_AVAILABILITY = YES_AGGRESSIVE;
				CLANG_WARN_UNREACHABLE_CODE = YES;
				CLANG_WARN__DUPLICATE_METHOD_MATCH = YES;
				CODE_SIGN_IDENTITY = "iPhone Developer";
				COPY_PHASE_STRIP = NO;
				DEBUG_INFORMATION_FORMAT = "dwarf-with-dsym";
				ENABLE_NS_ASSERTIONS = NO;
				ENABLE_STRICT_OBJC_MSGSEND = YES;
				GCC_C_LANGUAGE_STANDARD = gnu11;
				GCC_NO_COMMON_BLOCKS = YES;
				GCC_WARN_64_TO_32_BIT_CONVERSION = YES;
				GCC_WARN_ABOUT_RETURN_TYPE = YES_ERROR;
				GCC_WARN_UNDECLARED_SELECTOR = YES;
				GCC_WARN_UNINITIALIZED_AUTOS = YES_AGGRESSIVE;
				GCC_WARN_UNUSED_FUNCTION = YES;
				GCC_WARN_UNUSED_VARIABLE = YES;
				IPHONEOS_DEPLOYMENT_TARGET = 11.0;
				MTL_ENABLE_DEBUG_INFO = NO;
				SDKROOT = iphoneos;
				SWIFT_OPTIMIZATION_LEVEL = "-Owholemodule";
				VALIDATE_PRODUCT = YES;
			};
			name = Release;
		};
		EE1BAED71F3229FB00964159 /* Debug */ = {
			isa = XCBuildConfiguration;
			buildSettings = {
				ASSETCATALOG_COMPILER_APPICON_NAME = AppIcon;
				DEVELOPMENT_TEAM = J5P95JSAVD;
				INFOPLIST_FILE = CoderSwag/Info.plist;
				LD_RUNPATH_SEARCH_PATHS = "$(inherited) @executable_path/Frameworks";
				PRODUCT_BUNDLE_IDENTIFIER = com.matthewtripodi.CoderSwag;
				PRODUCT_NAME = "$(TARGET_NAME)";
				SWIFT_VERSION = 4.0;
				TARGETED_DEVICE_FAMILY = "1,2";
			};
			name = Debug;
		};
		EE1BAED81F3229FB00964159 /* Release */ = {
			isa = XCBuildConfiguration;
			buildSettings = {
				ASSETCATALOG_COMPILER_APPICON_NAME = AppIcon;
				DEVELOPMENT_TEAM = J5P95JSAVD;
				INFOPLIST_FILE = CoderSwag/Info.plist;
				LD_RUNPATH_SEARCH_PATHS = "$(inherited) @executable_path/Frameworks";
				PRODUCT_BUNDLE_IDENTIFIER = com.matthewtripodi.CoderSwag;
				PRODUCT_NAME = "$(TARGET_NAME)";
				SWIFT_VERSION = 4.0;
				TARGETED_DEVICE_FAMILY = "1,2";
			};
			name = Release;
		};
/* End XCBuildConfiguration section */

/* Begin XCConfigurationList section */
		EE1BAEBF1F3229FB00964159 /* Build configuration list for PBXProject "CoderSwag" */ = {
			isa = XCConfigurationList;
			buildConfigurations = (
				EE1BAED41F3229FB00964159 /* Debug */,
				EE1BAED51F3229FB00964159 /* Release */,
			);
			defaultConfigurationIsVisible = 0;
			defaultConfigurationName = Release;
		};
		EE1BAED61F3229FB00964159 /* Build configuration list for PBXNativeTarget "CoderSwag" */ = {
			isa = XCConfigurationList;
			buildConfigurations = (
				EE1BAED71F3229FB00964159 /* Debug */,
				EE1BAED81F3229FB00964159 /* Release */,
			);
			defaultConfigurationIsVisible = 0;
			defaultConfigurationName = Release;
		};
/* End XCConfigurationList section */
	};
	rootObject = EE1BAEBC1F3229FB00964159 /* Project object */;
}
